
Microsoft Visual Studio Solution File, Format Version 12.00
# Visual Studio Version 17
VisualStudioVersion = 17.12.35506.116
MinimumVisualStudioVersion = 10.0.40219.1
Project("{FAE04EC0-301F-11D3-BF4B-00C04F79EFBC}") = "01-AIProject.APIDemo", "01-AIProject.APIDemo\01-AIProject.APIDemo.csproj", "{270585B5-E5C9-4448-B877-5C61F03567A7}"
EndProject
Project("{FAE04EC0-301F-11D3-BF4B-00C04F79EFBC}") = "02-AIProject.APIConsumeUI", "02-AIProject.APIConsumeUI\02-AIProject.APIConsumeUI.csproj", "{55DBF205-ECB7-4A34-B154-A632E2144DC9}"
EndProject
Project("{FAE04EC0-301F-11D3-BF4B-00C04F79EFBC}") = "03-AIProject.RapidAPI", "03-AIProject.RapidAPI\03-AIProject.RapidAPI.csproj", "{3405A310-CC19-412E-B103-B987FD9AACA9}"
EndProject
Project("{FAE04EC0-301F-11D3-BF4B-00C04F79EFBC}") = "04-AIProject.OpenAIChat", "04-AIProject.OpenAIChat\04-AIProject.OpenAIChat.csproj", "{AC65919B-40E7-4EFB-9C80-F73C01070BD6}"
EndProject
Project("{FAE04EC0-301F-11D3-BF4B-00C04F79EFBC}") = "05-AIProject.OpenAIWhisperAudioToText", "05-AIProject.OpenAIWhisperAudioToText\05-AIProject.OpenAIWhisperAudioToText.csproj", "{664873C5-BC5B-4AC2-8EA6-9A1D0614D7A3}"
EndProject
Project("{FAE04EC0-301F-11D3-BF4B-00C04F79EFBC}") = "06-AIProject.OpenAIDallEImageGeneration", "06-AIProject.OpenAIDallEImageGeneration\06-AIProject.OpenAIDallEImageGeneration.csproj", "{741809E0-A963-4E6B-A8E8-DA77AE69C5F9}"
EndProject
Project("{FAE04EC0-301F-11D3-BF4B-00C04F79EFBC}") = "07-AIProject.TesseractOcr", "07-AIProject.TesseractOcr\07-AIProject.TesseractOcr.csproj", "{6928B7ED-0F87-4952-9BA3-7A66E6545E0F}"
EndProject
Project("{FAE04EC0-301F-11D3-BF4B-00C04F79EFBC}") = "08-AIProject.GoogleCloudVision", "08-AIProject.GoogleCloudVision\08-AIProject.GoogleCloudVision.csproj", "{F4AAE2CB-D462-4F15-A90F-F9AFCC262B7F}"
EndProject
Global
	GlobalSection(SolutionConfigurationPlatforms) = preSolution
		Debug|Any CPU = Debug|Any CPU
		Release|Any CPU = Release|Any CPU
	EndGlobalSection
	GlobalSection(ProjectConfigurationPlatforms) = postSolution
		{270585B5-E5C9-4448-B877-5C61F03567A7}.Debug|Any CPU.ActiveCfg = Debug|Any CPU
		{270585B5-E5C9-4448-B877-5C61F03567A7}.Debug|Any CPU.Build.0 = Debug|Any CPU
		{270585B5-E5C9-4448-B877-5C61F03567A7}.Release|Any CPU.ActiveCfg = Release|Any CPU
		{270585B5-E5C9-4448-B877-5C61F03567A7}.Release|Any CPU.Build.0 = Release|Any CPU
		{55DBF205-ECB7-4A34-B154-A632E2144DC9}.Debug|Any CPU.ActiveCfg = Debug|Any CPU
		{55DBF205-ECB7-4A34-B154-A632E2144DC9}.Debug|Any CPU.Build.0 = Debug|Any CPU
		{55DBF205-ECB7-4A34-B154-A632E2144DC9}.Release|Any CPU.ActiveCfg = Release|Any CPU
		{55DBF205-ECB7-4A34-B154-A632E2144DC9}.Release|Any CPU.Build.0 = Release|Any CPU
		{3405A310-CC19-412E-B103-B987FD9AACA9}.Debug|Any CPU.ActiveCfg = Debug|Any CPU
		{3405A310-CC19-412E-B103-B987FD9AACA9}.Debug|Any CPU.Build.0 = Debug|Any CPU
		{3405A310-CC19-412E-B103-B987FD9AACA9}.Release|Any CPU.ActiveCfg = Release|Any CPU
		{3405A310-CC19-412E-B103-B987FD9AACA9}.Release|Any CPU.Build.0 = Release|Any CPU
		{AC65919B-40E7-4EFB-9C80-F73C01070BD6}.Debug|Any CPU.ActiveCfg = Debug|Any CPU
		{AC65919B-40E7-4EFB-9C80-F73C01070BD6}.Debug|Any CPU.Build.0 = Debug|Any CPU
		{AC65919B-40E7-4EFB-9C80-F73C01070BD6}.Release|Any CPU.ActiveCfg = Release|Any CPU
		{AC65919B-40E7-4EFB-9C80-F73C01070BD6}.Release|Any CPU.Build.0 = Release|Any CPU
		{664873C5-BC5B-4AC2-8EA6-9A1D0614D7A3}.Debug|Any CPU.ActiveCfg = Debug|Any CPU
		{664873C5-BC5B-4AC2-8EA6-9A1D0614D7A3}.Debug|Any CPU.Build.0 = Debug|Any CPU
		{664873C5-BC5B-4AC2-8EA6-9A1D0614D7A3}.Release|Any CPU.ActiveCfg = Release|Any CPU
		{664873C5-BC5B-4AC2-8EA6-9A1D0614D7A3}.Release|Any CPU.Build.0 = Release|Any CPU
		{741809E0-A963-4E6B-A8E8-DA77AE69C5F9}.Debug|Any CPU.ActiveCfg = Debug|Any CPU
		{741809E0-A963-4E6B-A8E8-DA77AE69C5F9}.Debug|Any CPU.Build.0 = Debug|Any CPU
		{741809E0-A963-4E6B-A8E8-DA77AE69C5F9}.Release|Any CPU.ActiveCfg = Release|Any CPU
		{741809E0-A963-4E6B-A8E8-DA77AE69C5F9}.Release|Any CPU.Build.0 = Release|Any CPU
		{6928B7ED-0F87-4952-9BA3-7A66E6545E0F}.Debug|Any CPU.ActiveCfg = Debug|Any CPU
		{6928B7ED-0F87-4952-9BA3-7A66E6545E0F}.Debug|Any CPU.Build.0 = Debug|Any CPU
		{6928B7ED-0F87-4952-9BA3-7A66E6545E0F}.Release|Any CPU.ActiveCfg = Release|Any CPU
		{6928B7ED-0F87-4952-9BA3-7A66E6545E0F}.Release|Any CPU.Build.0 = Release|Any CPU
		{F4AAE2CB-D462-4F15-A90F-F9AFCC262B7F}.Debug|Any CPU.ActiveCfg = Debug|Any CPU
		{F4AAE2CB-D462-4F15-A90F-F9AFCC262B7F}.Debug|Any CPU.Build.0 = Debug|Any CPU
		{F4AAE2CB-D462-4F15-A90F-F9AFCC262B7F}.Release|Any CPU.ActiveCfg = Release|Any CPU
		{F4AAE2CB-D462-4F15-A90F-F9AFCC262B7F}.Release|Any CPU.Build.0 = Release|Any CPU
	EndGlobalSection
	GlobalSection(SolutionProperties) = preSolution
		HideSolutionNode = FALSE
	EndGlobalSection
EndGlobal
